
Microsoft Visual Studio Solution File, Format Version 12.00
# Visual Studio Express 2012 for Windows Desktop
Project("{FAE04EC0-301F-11D3-BF4B-00C04F79EFBC}") = "TypeGame", "TypeGame\TypeGame.csproj", "{FCC6D4DB-04CC-4A1D-A666-5E2312A94168}"
EndProject
Global
	GlobalSection(SolutionConfigurationPlatforms) = preSolution
		Debug|Any CPU = Debug|Any CPU
		Release|Any CPU = Release|Any CPU
	EndGlobalSection
	GlobalSection(ProjectConfigurationPlatforms) = postSolution
		{FCC6D4DB-04CC-4A1D-A666-5E2312A94168}.Debug|Any CPU.ActiveCfg = Debug|Any CPU
		{FCC6D4DB-04CC-4A1D-A666-5E2312A94168}.Debug|Any CPU.Build.0 = Debug|Any CPU
		{FCC6D4DB-04CC-4A1D-A666-5E2312A94168}.Release|Any CPU.ActiveCfg = Release|Any CPU
		{FCC6D4DB-04CC-4A1D-A666-5E2312A94168}.Release|Any CPU.Build.0 = Release|Any CPU
	EndGlobalSection
	GlobalSection(SolutionProperties) = preSolution
		HideSolutionNode = FALSE
	EndGlobalSection
EndGlobal
